
Microsoft Visual Studio Solution File, Format Version 12.00
# Visual Studio Version 17
VisualStudioVersion = 17.0.31903.59
MinimumVisualStudioVersion = 10.0.40219.1
Project("{FAE04EC0-301F-11D3-BF4B-00C04F79EFBC}") = "SkillHabit", "SkillHabit\SkillHabit.csproj", "{77FDFC3A-C655-466F-9E57-0952E9397C47}"
EndProject
Project("{FAE04EC0-301F-11D3-BF4B-00C04F79EFBC}") = "Tests", "Tests\Tests.csproj", "{2B6D42D9-F78C-4F0F-AAD5-2CDFA1901653}"
EndProject
Global
	GlobalSection(SolutionConfigurationPlatforms) = preSolution
		Debug|Any CPU = Debug|Any CPU
		Release|Any CPU = Release|Any CPU
	EndGlobalSection
	GlobalSection(SolutionProperties) = preSolution
		HideSolutionNode = FALSE
	EndGlobalSection
	GlobalSection(ProjectConfigurationPlatforms) = postSolution
		{77FDFC3A-C655-466F-9E57-0952E9397C47}.Debug|Any CPU.ActiveCfg = Debug|Any CPU
		{77FDFC3A-C655-466F-9E57-0952E9397C47}.Debug|Any CPU.Build.0 = Debug|Any CPU
		{77FDFC3A-C655-466F-9E57-0952E9397C47}.Release|Any CPU.ActiveCfg = Release|Any CPU
		{77FDFC3A-C655-466F-9E57-0952E9397C47}.Release|Any CPU.Build.0 = Release|Any CPU
		{2B6D42D9-F78C-4F0F-AAD5-2CDFA1901653}.Debug|Any CPU.ActiveCfg = Debug|Any CPU
		{2B6D42D9-F78C-4F0F-AAD5-2CDFA1901653}.Debug|Any CPU.Build.0 = Debug|Any CPU
		{2B6D42D9-F78C-4F0F-AAD5-2CDFA1901653}.Release|Any CPU.ActiveCfg = Release|Any CPU
		{2B6D42D9-F78C-4F0F-AAD5-2CDFA1901653}.Release|Any CPU.Build.0 = Release|Any CPU
	EndGlobalSection
EndGlobal
